
Microsoft Visual Studio Solution File, Format Version 12.00
# Visual Studio Version 17
VisualStudioVersion = 17.1.32328.378
MinimumVisualStudioVersion = 10.0.40219.1
Project("{9A19103F-16F7-4668-BE54-9A1E7A4F7556}") = "Projekt4", "Projekt4\Projekt4.csproj", "{ED6C8739-821E-4A1D-BA1D-A22167768C0F}"
EndProject
Project("{2150E333-8FDC-42A3-9474-1A3956D46DE8}") = "NewFolder1", "NewFolder1", "{A665536E-D0BE-4F13-8775-3E6A7BC4BA1D}"
EndProject
Global
	GlobalSection(SolutionConfigurationPlatforms) = preSolution
		Debug|Any CPU = Debug|Any CPU
		Release|Any CPU = Release|Any CPU
	EndGlobalSection
	GlobalSection(ProjectConfigurationPlatforms) = postSolution
		{ED6C8739-821E-4A1D-BA1D-A22167768C0F}.Debug|Any CPU.ActiveCfg = Debug|Any CPU
		{ED6C8739-821E-4A1D-BA1D-A22167768C0F}.Debug|Any CPU.Build.0 = Debug|Any CPU
		{ED6C8739-821E-4A1D-BA1D-A22167768C0F}.Release|Any CPU.ActiveCfg = Release|Any CPU
		{ED6C8739-821E-4A1D-BA1D-A22167768C0F}.Release|Any CPU.Build.0 = Release|Any CPU
	EndGlobalSection
	GlobalSection(SolutionProperties) = preSolution
		HideSolutionNode = FALSE
	EndGlobalSection
	GlobalSection(ExtensibilityGlobals) = postSolution
		SolutionGuid = {FFA8D465-9DFC-4F36-B1CC-D804DE295CCF}
	EndGlobalSection
EndGlobal
